
Microsoft Visual Studio Solution File, Format Version 12.00
# Visual Studio Version 16
VisualStudioVersion = 16.0.30413.136
MinimumVisualStudioVersion = 10.0.40219.1
Project("{8BC9CEB8-8B4A-11D0-8D11-00A0C91BC942}") = "CallbackInfoFromDmp", "CallbackInfoFromDmp\CallbackInfoFromDmp.vcxproj", "{45CF2CF4-AADE-41F7-BA17-0CD2577DAA2F}"
EndProject
Global
	GlobalSection(SolutionConfigurationPlatforms) = preSolution
		Debug|x64 = Debug|x64
		Debug|x86 = Debug|x86
		Release|x64 = Release|x64
		Release|x86 = Release|x86
	EndGlobalSection
	GlobalSection(ProjectConfigurationPlatforms) = postSolution
		{45CF2CF4-AADE-41F7-BA17-0CD2577DAA2F}.Debug|x64.ActiveCfg = Debug|x64
		{45CF2CF4-AADE-41F7-BA17-0CD2577DAA2F}.Debug|x64.Build.0 = Debug|x64
		{45CF2CF4-AADE-41F7-BA17-0CD2577DAA2F}.Debug|x86.ActiveCfg = Debug|Win32
		{45CF2CF4-AADE-41F7-BA17-0CD2577DAA2F}.Debug|x86.Build.0 = Debug|Win32
		{45CF2CF4-AADE-41F7-BA17-0CD2577DAA2F}.Release|x64.ActiveCfg = Release|x64
		{45CF2CF4-AADE-41F7-BA17-0CD2577DAA2F}.Release|x64.Build.0 = Release|x64
		{45CF2CF4-AADE-41F7-BA17-0CD2577DAA2F}.Release|x86.ActiveCfg = Release|Win32
		{45CF2CF4-AADE-41F7-BA17-0CD2577DAA2F}.Release|x86.Build.0 = Release|Win32
	EndGlobalSection
	GlobalSection(SolutionProperties) = preSolution
		HideSolutionNode = FALSE
	EndGlobalSection
	GlobalSection(ExtensibilityGlobals) = postSolution
		SolutionGuid = {F21814C2-AACD-45BB-9910-B6B69F240EF3}
	EndGlobalSection
EndGlobal
